
Microsoft Visual Studio Solution File, Format Version 12.00
# Visual Studio Version 17
VisualStudioVersion = 17.0.31903.59
MinimumVisualStudioVersion = 10.0.40219.1
Project("{9A19103F-16F7-4668-BE54-9A1E7A4F7556}") = "AdventOfCode2021", "AdventOfCode2021\AdventOfCode2021.csproj", "{BC32D15A-2239-44EC-8D7E-70A705E751AB}"
EndProject
Project("{9A19103F-16F7-4668-BE54-9A1E7A4F7556}") = "AdventOfCode2021.Tests", "AdventOfCode.Tests\AdventOfCode2021.Tests.csproj", "{1BFF1ADB-AA1B-4A0F-A452-AF065705A8EB}"
EndProject
Global
	GlobalSection(SolutionConfigurationPlatforms) = preSolution
		Debug|Any CPU = Debug|Any CPU
		Release|Any CPU = Release|Any CPU
	EndGlobalSection
	GlobalSection(ProjectConfigurationPlatforms) = postSolution
		{BC32D15A-2239-44EC-8D7E-70A705E751AB}.Debug|Any CPU.ActiveCfg = Debug|Any CPU
		{BC32D15A-2239-44EC-8D7E-70A705E751AB}.Debug|Any CPU.Build.0 = Debug|Any CPU
		{BC32D15A-2239-44EC-8D7E-70A705E751AB}.Release|Any CPU.ActiveCfg = Release|Any CPU
		{BC32D15A-2239-44EC-8D7E-70A705E751AB}.Release|Any CPU.Build.0 = Release|Any CPU
		{1BFF1ADB-AA1B-4A0F-A452-AF065705A8EB}.Debug|Any CPU.ActiveCfg = Debug|Any CPU
		{1BFF1ADB-AA1B-4A0F-A452-AF065705A8EB}.Debug|Any CPU.Build.0 = Debug|Any CPU
		{1BFF1ADB-AA1B-4A0F-A452-AF065705A8EB}.Release|Any CPU.ActiveCfg = Release|Any CPU
		{1BFF1ADB-AA1B-4A0F-A452-AF065705A8EB}.Release|Any CPU.Build.0 = Release|Any CPU
	EndGlobalSection
	GlobalSection(SolutionProperties) = preSolution
		HideSolutionNode = FALSE
	EndGlobalSection
	GlobalSection(ExtensibilityGlobals) = postSolution
		SolutionGuid = {A3CED0D8-D928-429D-9DB0-01EA8E261A38}
	EndGlobalSection
EndGlobal
